
Microsoft Visual Studio Solution File, Format Version 12.00
# Visual Studio Version 17
VisualStudioVersion = 17.2.32422.2
MinimumVisualStudioVersion = 10.0.40219.1
Project("{2150E333-8FDC-42A3-9474-1A3956D46DE8}") = "Solution Items", "Solution Items", "{EAA6992A-E6FB-41D1-9CDF-808B3AAC1FFC}"
	ProjectSection(SolutionItems) = preProject
		.editorconfig = .editorconfig
		.gitignore = .gitignore
	EndProjectSection
EndProject
Project("{8BC9CEB8-8B4A-11D0-8D11-00A0C91BC942}") = "Vse", "vse\Vse.vcxproj", "{FF74C88C-064C-457B-8664-8A6AB664FB58}"
EndProject
Project("{8BC9CEB8-8B4A-11D0-8D11-00A0C91BC942}") = "SimpleAudioPlayback", "tests\SimpleAudioPlayback.vcxproj", "{F092054E-6A1F-4CE2-857D-251F64966105}"
EndProject
Project("{2150E333-8FDC-42A3-9474-1A3956D46DE8}") = "tests", "tests", "{4A68DC56-0A89-48E8-9786-E333B721A14B}"
EndProject
Project("{8BC9CEB8-8B4A-11D0-8D11-00A0C91BC942}") = "SimpleAudioFilePlayback", "tests\SimpleAudioFilePlayback.vcxproj", "{7D4585ED-FAE5-4CA8-9860-1A4E5B1B83BA}"
EndProject
Global
	GlobalSection(SolutionConfigurationPlatforms) = preSolution
		Debug|x64 = Debug|x64
		Debug|x86 = Debug|x86
		Release|x64 = Release|x64
		Release|x86 = Release|x86
	EndGlobalSection
	GlobalSection(ProjectConfigurationPlatforms) = postSolution
		{FF74C88C-064C-457B-8664-8A6AB664FB58}.Debug|x64.ActiveCfg = Debug|x64
		{FF74C88C-064C-457B-8664-8A6AB664FB58}.Debug|x64.Build.0 = Debug|x64
		{FF74C88C-064C-457B-8664-8A6AB664FB58}.Debug|x86.ActiveCfg = Debug|Win32
		{FF74C88C-064C-457B-8664-8A6AB664FB58}.Debug|x86.Build.0 = Debug|Win32
		{FF74C88C-064C-457B-8664-8A6AB664FB58}.Release|x64.ActiveCfg = Release|x64
		{FF74C88C-064C-457B-8664-8A6AB664FB58}.Release|x64.Build.0 = Release|x64
		{FF74C88C-064C-457B-8664-8A6AB664FB58}.Release|x86.ActiveCfg = Release|Win32
		{FF74C88C-064C-457B-8664-8A6AB664FB58}.Release|x86.Build.0 = Release|Win32
		{F092054E-6A1F-4CE2-857D-251F64966105}.Debug|x64.ActiveCfg = Debug|x64
		{F092054E-6A1F-4CE2-857D-251F64966105}.Debug|x64.Build.0 = Debug|x64
		{F092054E-6A1F-4CE2-857D-251F64966105}.Debug|x86.ActiveCfg = Debug|Win32
		{F092054E-6A1F-4CE2-857D-251F64966105}.Debug|x86.Build.0 = Debug|Win32
		{F092054E-6A1F-4CE2-857D-251F64966105}.Release|x64.ActiveCfg = Release|x64
		{F092054E-6A1F-4CE2-857D-251F64966105}.Release|x64.Build.0 = Release|x64
		{F092054E-6A1F-4CE2-857D-251F64966105}.Release|x86.ActiveCfg = Release|Win32
		{F092054E-6A1F-4CE2-857D-251F64966105}.Release|x86.Build.0 = Release|Win32
		{7D4585ED-FAE5-4CA8-9860-1A4E5B1B83BA}.Debug|x64.ActiveCfg = Debug|x64
		{7D4585ED-FAE5-4CA8-9860-1A4E5B1B83BA}.Debug|x64.Build.0 = Debug|x64
		{7D4585ED-FAE5-4CA8-9860-1A4E5B1B83BA}.Debug|x86.ActiveCfg = Debug|Win32
		{7D4585ED-FAE5-4CA8-9860-1A4E5B1B83BA}.Debug|x86.Build.0 = Debug|Win32
		{7D4585ED-FAE5-4CA8-9860-1A4E5B1B83BA}.Release|x64.ActiveCfg = Release|x64
		{7D4585ED-FAE5-4CA8-9860-1A4E5B1B83BA}.Release|x64.Build.0 = Release|x64
		{7D4585ED-FAE5-4CA8-9860-1A4E5B1B83BA}.Release|x86.ActiveCfg = Release|Win32
		{7D4585ED-FAE5-4CA8-9860-1A4E5B1B83BA}.Release|x86.Build.0 = Release|Win32
	EndGlobalSection
	GlobalSection(SolutionProperties) = preSolution
		HideSolutionNode = FALSE
	EndGlobalSection
	GlobalSection(NestedProjects) = preSolution
		{F092054E-6A1F-4CE2-857D-251F64966105} = {4A68DC56-0A89-48E8-9786-E333B721A14B}
		{7D4585ED-FAE5-4CA8-9860-1A4E5B1B83BA} = {4A68DC56-0A89-48E8-9786-E333B721A14B}
	EndGlobalSection
	GlobalSection(ExtensibilityGlobals) = postSolution
		SolutionGuid = {9CA1341F-6057-4E10-868E-6B83E0781127}
	EndGlobalSection
EndGlobal
